github.com/davecgh/go-spew v1.1.1 h1:vj9j/u1bqnvCEfJOwUhtlOARqs3+rkHYY13jYWTU97c=
github.com/davecgh/go-spew v1.1.1/go.mod h1:J7Y8YcW2NihsgmVo/mv3lAwl/skON4iLHjSsI+c5H38=
github.com/go-chi/chi/v5 v5.2.1 h1:KOIHODQj58PmL80G2Eak4WdvUzjSJSm0vG72crDCqb8=
github.com/go-chi/chi/v5 v5.2.1/go.mod h1:L2yAIGWB3H+phAw1NxKwWM+7eUH/lU8pOMm5hHcoops=
github.com/go-chi/cors v1.2.1 h1:xEC8UT3Rlp2QuWNEr4Fs/c2EAGVKBwy/1vHx3bppil4=
github.com/go-chi/cors v1.2.1/go.mod h1:sSbTewc+6wYHBBCW7ytsFSn836hqM7JxpglAy2Vzc58=
github.com/google/uuid v1.6.0 h1:NIvaJDMOsjHA8n1jAhLSgzrAzy1Hgr+hNrb57e+94F0=
github.com/google/uuid v1.6.0/go.mod h1:TIyPZe4MgqvfeYDBFedMoGGpEw/LqOeaOT+nhxU+yHo=
github.com/phrkdll/must v0.2.0 h1:CZukiZKz/C7vVw0eqdhV1XhyIvK7hIBIad482Acnyg4=
github.com/phrkdll/must v0.2.0/go.mod h1:+vd+KXuhndXo9ae3wbFNqzj+0ZsRbAxePUMnEwtP9lw=
github.com/phrkdll/must v0.3.0 h1:DraJe0tZvXKTDl+R2i61ZjvsoyyQlWhfD7kH/3asOq8=
github.com/phrkdll/must v0.3.0/go.mod h1:+vd+KXuhndXo9ae3wbFNqzj+0ZsRbAxePUMnEwtP9lw=
github.com/phrkdll/must v0.3.1 h1:iYW9reR44/amO7xonZ7zYhMlhWaSzWeF5doYpf1OZcc=
github.com/phrkdll/must v0.3.1/go.mod h1:+vd+KXuhndXo9ae3wbFNqzj+0ZsRbAxePUMnEwtP9lw=
github.com/phrkdll/must v0.4.0 h1:Eub9HS80oH6aKV40FYcNHDMkleN8xvjrUVrhXgRUCzM=
github.com/phrkdll/must v0.4.0/go.mod h1:+vd+KXuhndXo9ae3wbFNqzj+0ZsRbAxePUMnEwtP9lw=
github.com/phrkdll/must v0.5.0 h1:fbz9GyFDk1a5xexULVn3mRF9wxnRfoT95gSVncdt7ss=
github.com/phrkdll/must v0.5.0/go.mod h1:+vd+KXuhndXo9ae3wbFNqzj+0ZsRbAxePUMnEwtP9lw=
github.com/phrkdll/strongoid v0.8.1 h1:AjfiSrOJFX4u5DSToBwafaevHLqoxxDN3bPBAwJKKbs=
github.com/phrkdll/strongoid v0.8.1/go.mod h1:PTeSBe2ab8Y8IY1lW4BJkotyQQrSO+B0sCjAkMa5ilY=
github.com/phrkdll/strongoid v0.8.3 h1:VvtqdZTE8lPo5f0p1Ttqnd68Q2VPYmJq238eqU/d5m4=
github.com/phrkdll/strongoid v0.8.3/go.mod h1:1jOjyt/jl8G+ysI+oL/5Lzo6pBYAirKTmBfgIxbw+Po=
github.com/phrkdll/strongoid v0.8.4 h1:tTsEfdPZNBP7LZxuxa79+Q795stimW+xKvTlH1bxBEY=
github.com/phrkdll/strongoid v0.8.4/go.mod h1:iWZZPsp0+pvqYa+ppQ65Dg6WduBWfd/XfZkhAV+PQYw=
github.com/phrkdll/strongoid v0.8.5 h1:NRG2ap2xq+/QNGnld6kgAOeQmbCaCIgLX+8BczV+t/A=
github.com/phrkdll/strongoid v0.8.5/go.mod h1:FHbp9qbx5KIGj2QHZ86cfJ98ztGTWX2/vOqvoPr6JL4=
github.com/pmezard/go-difflib v1.0.0 h1:4DBwDE0NGyQoBHbLQYPwSUPoCMWR5BEzIk/f1lZbAQM=
github.com/pmezard/go-difflib v1.0.0/go.mod h1:iKH77koFhYxTK1pcRnkKkqfTogsbg7gZNVY4sRDYZ/4=
github.com/stretchr/testify v1.10.0 h1:Xv5erBjTwe/5IxqUQTdXv5kgmIvbHo3QQyRwhJsOfJA=
github.com/stretchr/testify v1.10.0/go.mod h1:r2ic/lqez/lEtzL7wO/rwa5dbSLXVDPFyf8C91i36aY=
gopkg.in/check.v1 v0.0.0-20161208181325-20d25e280405 h1:yhCVgyC4o1eVCa2tZl7eS0r+SDo693bJlVdllGtEeKM=
gopkg.in/check.v1 v0.0.0-20161208181325-20d25e280405/go.mod h1:Co6ibVJAznAaIkqp8huTwlJQCZ016jof/cbN4VW5Yz0=
gopkg.in/yaml.v3 v3.0.1 h1:fxVm/GzAzEWqLHuvctI91KS9hhNmmWOoWu0XTYJS7CA=
gopkg.in/yaml.v3 v3.0.1/go.mod h1:K4uyk7z7BCEPqu6E+C64Yfv1cQ7kz7rIZviUmN+EgEM=
